
Microsoft Visual Studio Solution File, Format Version 12.00
# Visual Studio Version 17
VisualStudioVersion = 17.6.33801.468
MinimumVisualStudioVersion = 10.0.40219.1
Project("{FAE04EC0-301F-11D3-BF4B-00C04F79EFBC}") = "WinFormsApp1", "WinFormsApp1\WinFormsApp1.csproj", "{57FCD514-4307-49DF-85A5-F1FA9AA29BC6}"
EndProject
Global
	GlobalSection(SolutionConfigurationPlatforms) = preSolution
		Debug|Any CPU = Debug|Any CPU
		Release|Any CPU = Release|Any CPU
	EndGlobalSection
	GlobalSection(ProjectConfigurationPlatforms) = postSolution
		{57FCD514-4307-49DF-85A5-F1FA9AA29BC6}.Debug|Any CPU.ActiveCfg = Debug|Any CPU
		{57FCD514-4307-49DF-85A5-F1FA9AA29BC6}.Debug|Any CPU.Build.0 = Debug|Any CPU
		{57FCD514-4307-49DF-85A5-F1FA9AA29BC6}.Release|Any CPU.ActiveCfg = Release|Any CPU
		{57FCD514-4307-49DF-85A5-F1FA9AA29BC6}.Release|Any CPU.Build.0 = Release|Any CPU
	EndGlobalSection
	GlobalSection(SolutionProperties) = preSolution
		HideSolutionNode = FALSE
	EndGlobalSection
	GlobalSection(ExtensibilityGlobals) = postSolution
		SolutionGuid = {824C47A9-913B-4232-8790-066ABDD82006}
	EndGlobalSection
EndGlobal
